%{
  "castore": {:hex, :castore, "1.0.6", "ffc42f110ebfdafab0ea159cd43d31365fa0af0ce4a02ecebf1707ae619ee727", [:mix], [], "hexpm", "374c6e7ca752296be3d6780a6d5b922854ffcc74123da90f2f328996b962d33a"},
  "decimal": {:hex, :decimal, "2.1.1", "5611dca5d4b2c3dd497dec8f68751f1f1a54755e8ed2a966c2633cf885973ad6", [:mix], [], "hexpm", "53cfe5f497ed0e7771ae1a475575603d77425099ba5faef9394932b35020ffcc"},
  "earmark_parser": {:hex, :earmark_parser, "1.4.39", "424642f8335b05bb9eb611aa1564c148a8ee35c9c8a8bba6e129d51a3e3c6769", [:mix], [], "hexpm", "06553a88d1f1846da9ef066b87b57c6f605552cfbe40d20bd8d59cc6bde41944"},
  "ecto": {:hex, :ecto, "3.11.2", "e1d26be989db350a633667c5cda9c3d115ae779b66da567c68c80cfb26a8c9ee", [:mix], [{:decimal, "~> 2.0", [hex: :decimal, repo: "hexpm", optional: false]}, {:jason, "~> 1.0", [hex: :jason, repo: "hexpm", optional: true]}, {:telemetry, "~> 0.4 or ~> 1.0", [hex: :telemetry, repo: "hexpm", optional: false]}], "hexpm", "3c38bca2c6f8d8023f2145326cc8a80100c3ffe4dcbd9842ff867f7fc6156c65"},
  "ex_doc": {:hex, :ex_doc, "0.32.1", "21e40f939515373bcdc9cffe65f3b3543f05015ac6c3d01d991874129d173420", [:mix], [{:earmark_parser, "~> 1.4.39", [hex: :earmark_parser, repo: "hexpm", optional: false]}, {:makeup_c, ">= 0.1.1", [hex: :makeup_c, repo: "hexpm", optional: true]}, {:makeup_elixir, "~> 0.14", [hex: :makeup_elixir, repo: "hexpm", optional: false]}, {:makeup_erlang, "~> 0.1", [hex: :makeup_erlang, repo: "hexpm", optional: false]}], "hexpm", "5142c9db521f106d61ff33250f779807ed2a88620e472ac95dc7d59c380113da"},
  "finch": {:hex, :finch, "0.18.0", "944ac7d34d0bd2ac8998f79f7a811b21d87d911e77a786bc5810adb75632ada4", [:mix], [{:castore, "~> 0.1 or ~> 1.0", [hex: :castore, repo: "hexpm", optional: false]}, {:mime, "~> 1.0 or ~> 2.0", [hex: :mime, repo: "hexpm", optional: false]}, {:mint, "~> 1.3", [hex: :mint, repo: "hexpm", optional: false]}, {:nimble_options, "~> 0.4 or ~> 1.0", [hex: :nimble_options, repo: "hexpm", optional: false]}, {:nimble_pool, "~> 0.2.6 or ~> 1.0", [hex: :nimble_pool, repo: "hexpm", optional: false]}, {:telemetry, "~> 0.4 or ~> 1.0", [hex: :telemetry, repo: "hexpm", optional: false]}], "hexpm", "69f5045b042e531e53edc2574f15e25e735b522c37e2ddb766e15b979e03aa65"},
  "hpax": {:hex, :hpax, "0.1.2", "09a75600d9d8bbd064cdd741f21fc06fc1f4cf3d0fcc335e5aa19be1a7235c84", [:mix], [], "hexpm", "2c87843d5a23f5f16748ebe77969880e29809580efdaccd615cd3bed628a8c13"},
  "jason": {:hex, :jason, "1.4.1", "af1504e35f629ddcdd6addb3513c3853991f694921b1b9368b0bd32beb9f1b63", [:mix], [{:decimal, "~> 1.0 or ~> 2.0", [hex: :decimal, repo: "hexpm", optional: true]}], "hexpm", "fbb01ecdfd565b56261302f7e1fcc27c4fb8f32d56eab74db621fc154604a7a1"},
  "makeup": {:hex, :makeup, "1.1.1", "fa0bc768698053b2b3869fa8a62616501ff9d11a562f3ce39580d60860c3a55e", [:mix], [{:nimble_parsec, "~> 1.2.2 or ~> 1.3", [hex: :nimble_parsec, repo: "hexpm", optional: false]}], "hexpm", "5dc62fbdd0de44de194898b6710692490be74baa02d9d108bc29f007783b0b48"},
  "makeup_elixir": {:hex, :makeup_elixir, "0.16.2", "627e84b8e8bf22e60a2579dad15067c755531fea049ae26ef1020cad58fe9578", [:mix], [{:makeup, "~> 1.0", [hex: :makeup, repo: "hexpm", optional: false]}, {:nimble_parsec, "~> 1.2.3 or ~> 1.3", [hex: :nimble_parsec, repo: "hexpm", optional: false]}], "hexpm", "41193978704763f6bbe6cc2758b84909e62984c7752b3784bd3c218bb341706b"},
  "makeup_erlang": {:hex, :makeup_erlang, "0.1.5", "e0ff5a7c708dda34311f7522a8758e23bfcd7d8d8068dc312b5eb41c6fd76eba", [:mix], [{:makeup, "~> 1.0", [hex: :makeup, repo: "hexpm", optional: false]}], "hexpm", "94d2e986428585a21516d7d7149781480013c56e30c6a233534bedf38867a59a"},
  "meck": {:hex, :meck, "0.9.2", "85ccbab053f1db86c7ca240e9fc718170ee5bda03810a6292b5306bf31bae5f5", [:rebar3], [], "hexpm", "81344f561357dc40a8344afa53767c32669153355b626ea9fcbc8da6b3045826"},
  "mime": {:hex, :mime, "2.0.5", "dc34c8efd439abe6ae0343edbb8556f4d63f178594894720607772a041b04b02", [:mix], [], "hexpm", "da0d64a365c45bc9935cc5c8a7fc5e49a0e0f9932a761c55d6c52b142780a05c"},
  "mint": {:hex, :mint, "1.5.2", "4805e059f96028948870d23d7783613b7e6b0e2fb4e98d720383852a760067fd", [:mix], [{:castore, "~> 0.1.0 or ~> 1.0", [hex: :castore, repo: "hexpm", optional: true]}, {:hpax, "~> 0.1.1", [hex: :hpax, repo: "hexpm", optional: false]}], "hexpm", "d77d9e9ce4eb35941907f1d3df38d8f750c357865353e21d335bdcdf6d892a02"},
  "mock": {:hex, :mock, "0.3.8", "7046a306b71db2488ef54395eeb74df0a7f335a7caca4a3d3875d1fc81c884dd", [:mix], [{:meck, "~> 0.9.2", [hex: :meck, repo: "hexpm", optional: false]}], "hexpm", "7fa82364c97617d79bb7d15571193fc0c4fe5afd0c932cef09426b3ee6fe2022"},
  "nimble_options": {:hex, :nimble_options, "1.1.0", "3b31a57ede9cb1502071fade751ab0c7b8dbe75a9a4c2b5bbb0943a690b63172", [:mix], [], "hexpm", "8bbbb3941af3ca9acc7835f5655ea062111c9c27bcac53e004460dfd19008a99"},
  "nimble_ownership": {:hex, :nimble_ownership, "0.3.1", "99d5244672fafdfac89bfad3d3ab8f0d367603ce1dc4855f86a1c75008bce56f", [:mix], [], "hexpm", "4bf510adedff0449a1d6e200e43e57a814794c8b5b6439071274d248d272a549"},
  "nimble_parsec": {:hex, :nimble_parsec, "1.4.0", "51f9b613ea62cfa97b25ccc2c1b4216e81df970acd8e16e8d1bdc58fef21370d", [:mix], [], "hexpm", "9c565862810fb383e9838c1dd2d7d2c437b3d13b267414ba6af33e50d2d1cf28"},
  "nimble_pool": {:hex, :nimble_pool, "1.1.0", "bf9c29fbdcba3564a8b800d1eeb5a3c58f36e1e11d7b7fb2e084a643f645f06b", [:mix], [], "hexpm", "af2e4e6b34197db81f7aad230c1118eac993acc0dae6bc83bac0126d4ae0813a"},
  "req": {:hex, :req, "0.4.14", "103de133a076a31044e5458e0f850d5681eef23dfabf3ea34af63212e3b902e2", [:mix], [{:aws_signature, "~> 0.3.2", [hex: :aws_signature, repo: "hexpm", optional: true]}, {:brotli, "~> 0.3.1", [hex: :brotli, repo: "hexpm", optional: true]}, {:ezstd, "~> 1.0", [hex: :ezstd, repo: "hexpm", optional: true]}, {:finch, "~> 0.17", [hex: :finch, repo: "hexpm", optional: false]}, {:jason, "~> 1.0", [hex: :jason, repo: "hexpm", optional: false]}, {:mime, "~> 1.6 or ~> 2.0", [hex: :mime, repo: "hexpm", optional: false]}, {:nimble_csv, "~> 1.0", [hex: :nimble_csv, repo: "hexpm", optional: true]}, {:nimble_ownership, "~> 0.2.0 or ~> 0.3.0", [hex: :nimble_ownership, repo: "hexpm", optional: false]}, {:plug, "~> 1.0", [hex: :plug, repo: "hexpm", optional: true]}], "hexpm", "2ddd3d33f9ab714ced8d3c15fd03db40c14dbf129003c4a3eb80fac2cc0b1b08"},
  "saxaboom": {:hex, :saxaboom, "0.2.1", "2d54ea40f8c2835ae5a952358ec7c6dad2ea59171573ce8dc5a8c85e22cb02de", [:mix], [{:erlsom, "~> 1.5", [hex: :erlsom, repo: "hexpm", optional: true]}, {:saxy, "~> 1.5", [hex: :saxy, repo: "hexpm", optional: true]}, {:stream_split, "~> 0.1.7", [hex: :stream_split, repo: "hexpm", optional: false]}], "hexpm", "92d4a7307651a11f80dcf7265a8ffe8d5e8a4a2c14a3ec6f63dfe5adf46fc4f7"},
  "saxy": {:hex, :saxy, "1.5.0", "0141127f2d042856f135fb2d94e0beecda7a2306f47546dbc6411fc5b07e28bf", [:mix], [], "hexpm", "ea7bb6328fbd1f2aceffa3ec6090bfb18c85aadf0f8e5030905e84235861cf89"},
  "stream_split": {:hex, :stream_split, "0.1.7", "2d3fd1fd21697da7f91926768d65f79409086052c9ec7ae593987388f52425f8", [:mix], [], "hexpm", "1dc072ff507a64404a0ad7af90df97096183fee8eeac7b300320cea7c4679147"},
  "telemetry": {:hex, :telemetry, "1.2.1", "68fdfe8d8f05a8428483a97d7aab2f268aaff24b49e0f599faa091f1d4e7f61c", [:rebar3], [], "hexpm", "dad9ce9d8effc621708f99eac538ef1cbe05d6a874dd741de2e689c47feafed5"},
  "tesla": {:hex, :tesla, "1.9.0", "8c22db6a826e56a087eeb8cdef56889731287f53feeb3f361dec5d4c8efb6f14", [:mix], [{:castore, "~> 0.1 or ~> 1.0", [hex: :castore, repo: "hexpm", optional: true]}, {:exjsx, ">= 3.0.0", [hex: :exjsx, repo: "hexpm", optional: true]}, {:finch, "~> 0.13", [hex: :finch, repo: "hexpm", optional: true]}, {:fuse, "~> 2.4", [hex: :fuse, repo: "hexpm", optional: true]}, {:gun, ">= 1.0.0", [hex: :gun, repo: "hexpm", optional: true]}, {:hackney, "~> 1.6", [hex: :hackney, repo: "hexpm", optional: true]}, {:ibrowse, "4.4.2", [hex: :ibrowse, repo: "hexpm", optional: true]}, {:jason, ">= 1.0.0", [hex: :jason, repo: "hexpm", optional: true]}, {:mime, "~> 1.0 or ~> 2.0", [hex: :mime, repo: "hexpm", optional: false]}, {:mint, "~> 1.0", [hex: :mint, repo: "hexpm", optional: true]}, {:msgpax, "~> 2.3", [hex: :msgpax, repo: "hexpm", optional: true]}, {:poison, ">= 1.0.0", [hex: :poison, repo: "hexpm", optional: true]}, {:telemetry, "~> 0.4 or ~> 1.0", [hex: :telemetry, repo: "hexpm", optional: true]}], "hexpm", "7c240c67e855f7e63e795bf16d6b3f5115a81d1f44b7fe4eadbf656bae0fef8a"},
  "tesla_middleware_xml": {:hex, :tesla_middleware_xml, "1.0.1", "e819e510734d166b1155f72cda3f5ea006352779c3fb1206a9599bddc9e9cac0", [:make, :mix], [{:tesla, "~> 1.9", [hex: :tesla, repo: "hexpm", optional: false]}, {:xml_json, "~> 0.4.2", [hex: :xml_json, repo: "hexpm", optional: false]}], "hexpm", "c8bd2f253163c9e411ab617489b7225977eb189717fd6534026534e99b9fa5c9"},
  "typed_ecto_schema": {:hex, :typed_ecto_schema, "0.4.1", "a373ca6f693f4de84cde474a67467a9cb9051a8a7f3f615f1e23dc74b75237fa", [:mix], [{:ecto, "~> 3.5", [hex: :ecto, repo: "hexpm", optional: false]}], "hexpm", "85c6962f79d35bf543dd5659c6adc340fd2480cacc6f25d2cc2933ea6e8fcb3b"},
  "xml_builder": {:hex, :xml_builder, "2.3.0", "69d214c6ad41ae1300b36acff4367551cdfd9dc1b860affc16e103c6b1589053", [:mix], [], "hexpm", "972ec33346a225cd5acd14ab23d4e79042bd37cb904e07e24cd06992dde1a0ed"},
  "xml_json": {:hex, :xml_json, "0.4.2", "dfb8f34e5dc82b2642ea71bc92b853098f8d110367d40e26c634244bc2ebe04c", [:mix], [{:saxy, "~> 1.2", [hex: :saxy, repo: "hexpm", optional: false]}], "hexpm", "9102dfa0b2878a8808262d1602185543735acd933c978fb4c4a1b065c5f0ec79"},
}
